
Microsoft Visual Studio Solution File, Format Version 12.00
# Visual Studio Version 17
VisualStudioVersion = 17.0.31903.59
MinimumVisualStudioVersion = 10.0.40219.1
Project("{2150E333-8FDC-42A3-9474-1A3956D46DE8}") = "Chronicle", "Chronicle", "{35C1D0BB-0B2E-4238-B110-BF2D395C8124}"
EndProject
Project("{2150E333-8FDC-42A3-9474-1A3956D46DE8}") = "Quickstart", "Quickstart", "{346D143E-DE9D-4574-AD65-C0E3116F8323}"
EndProject
Project("{FAE04EC0-301F-11D3-BF4B-00C04F79EFBC}") = "Console", "Chronicle\Quickstart\Console\Console.csproj", "{3833B693-5A84-43E4-B38D-3BF135A7CAF7}"
EndProject
Project("{FAE04EC0-301F-11D3-BF4B-00C04F79EFBC}") = "Common", "Chronicle\Quickstart\Common\Common.csproj", "{B68E33D5-1EDC-4A0C-8ABA-89014B97F9B1}"
EndProject
Project("{FAE04EC0-301F-11D3-BF4B-00C04F79EFBC}") = "AspNetCore", "Chronicle\Quickstart\AspNetCore\AspNetCore.csproj", "{73A80477-22BE-423D-8026-5ED34B78FFF2}"
EndProject
Project("{2150E333-8FDC-42A3-9474-1A3956D46DE8}") = "Library", "Library", "{7AA2040C-82A5-4350-8E8F-8B0BB0F26488}"
EndProject
Project("{FAE04EC0-301F-11D3-BF4B-00C04F79EFBC}") = "Main", "Library\Main\Main.csproj", "{A01C0D41-D253-4649-B001-F77D97C98DA5}"
EndProject
Project("{FAE04EC0-301F-11D3-BF4B-00C04F79EFBC}") = "Orleans.InProcess", "Chronicle\Quickstart\Orleans.InProcess\Orleans.InProcess.csproj", "{E413B8EF-5881-4D8E-A355-AD83981F4203}"
EndProject
Project("{FAE04EC0-301F-11D3-BF4B-00C04F79EFBC}") = "Common.AspNetCore", "Chronicle\Quickstart\Common.AspNetCore\Common.AspNetCore.csproj", "{A9822139-6A2C-411E-A565-14540D1F8023}"
EndProject
Global
	GlobalSection(SolutionConfigurationPlatforms) = preSolution
		Debug|Any CPU = Debug|Any CPU
		Release|Any CPU = Release|Any CPU
	EndGlobalSection
	GlobalSection(SolutionProperties) = preSolution
		HideSolutionNode = FALSE
	EndGlobalSection
	GlobalSection(ProjectConfigurationPlatforms) = postSolution
		{3833B693-5A84-43E4-B38D-3BF135A7CAF7}.Debug|Any CPU.ActiveCfg = Debug|Any CPU
		{3833B693-5A84-43E4-B38D-3BF135A7CAF7}.Debug|Any CPU.Build.0 = Debug|Any CPU
		{3833B693-5A84-43E4-B38D-3BF135A7CAF7}.Release|Any CPU.ActiveCfg = Release|Any CPU
		{3833B693-5A84-43E4-B38D-3BF135A7CAF7}.Release|Any CPU.Build.0 = Release|Any CPU
		{B68E33D5-1EDC-4A0C-8ABA-89014B97F9B1}.Debug|Any CPU.ActiveCfg = Debug|Any CPU
		{B68E33D5-1EDC-4A0C-8ABA-89014B97F9B1}.Debug|Any CPU.Build.0 = Debug|Any CPU
		{B68E33D5-1EDC-4A0C-8ABA-89014B97F9B1}.Release|Any CPU.ActiveCfg = Release|Any CPU
		{B68E33D5-1EDC-4A0C-8ABA-89014B97F9B1}.Release|Any CPU.Build.0 = Release|Any CPU
		{73A80477-22BE-423D-8026-5ED34B78FFF2}.Debug|Any CPU.ActiveCfg = Debug|Any CPU
		{73A80477-22BE-423D-8026-5ED34B78FFF2}.Debug|Any CPU.Build.0 = Debug|Any CPU
		{73A80477-22BE-423D-8026-5ED34B78FFF2}.Release|Any CPU.ActiveCfg = Release|Any CPU
		{73A80477-22BE-423D-8026-5ED34B78FFF2}.Release|Any CPU.Build.0 = Release|Any CPU
		{A01C0D41-D253-4649-B001-F77D97C98DA5}.Debug|Any CPU.ActiveCfg = Debug|Any CPU
		{A01C0D41-D253-4649-B001-F77D97C98DA5}.Debug|Any CPU.Build.0 = Debug|Any CPU
		{A01C0D41-D253-4649-B001-F77D97C98DA5}.Release|Any CPU.ActiveCfg = Release|Any CPU
		{A01C0D41-D253-4649-B001-F77D97C98DA5}.Release|Any CPU.Build.0 = Release|Any CPU
		{E413B8EF-5881-4D8E-A355-AD83981F4203}.Debug|Any CPU.ActiveCfg = Debug|Any CPU
		{E413B8EF-5881-4D8E-A355-AD83981F4203}.Debug|Any CPU.Build.0 = Debug|Any CPU
		{E413B8EF-5881-4D8E-A355-AD83981F4203}.Release|Any CPU.ActiveCfg = Release|Any CPU
		{E413B8EF-5881-4D8E-A355-AD83981F4203}.Release|Any CPU.Build.0 = Release|Any CPU
		{A9822139-6A2C-411E-A565-14540D1F8023}.Debug|Any CPU.ActiveCfg = Debug|Any CPU
		{A9822139-6A2C-411E-A565-14540D1F8023}.Debug|Any CPU.Build.0 = Debug|Any CPU
		{A9822139-6A2C-411E-A565-14540D1F8023}.Release|Any CPU.ActiveCfg = Release|Any CPU
		{A9822139-6A2C-411E-A565-14540D1F8023}.Release|Any CPU.Build.0 = Release|Any CPU
	EndGlobalSection
	GlobalSection(NestedProjects) = preSolution
		{346D143E-DE9D-4574-AD65-C0E3116F8323} = {35C1D0BB-0B2E-4238-B110-BF2D395C8124}
		{3833B693-5A84-43E4-B38D-3BF135A7CAF7} = {346D143E-DE9D-4574-AD65-C0E3116F8323}
		{B68E33D5-1EDC-4A0C-8ABA-89014B97F9B1} = {346D143E-DE9D-4574-AD65-C0E3116F8323}
		{73A80477-22BE-423D-8026-5ED34B78FFF2} = {346D143E-DE9D-4574-AD65-C0E3116F8323}
		{A01C0D41-D253-4649-B001-F77D97C98DA5} = {7AA2040C-82A5-4350-8E8F-8B0BB0F26488}
		{E413B8EF-5881-4D8E-A355-AD83981F4203} = {346D143E-DE9D-4574-AD65-C0E3116F8323}
		{A9822139-6A2C-411E-A565-14540D1F8023} = {346D143E-DE9D-4574-AD65-C0E3116F8323}
	EndGlobalSection
EndGlobal
