
Microsoft Visual Studio Solution File, Format Version 12.00
# Visual Studio Version 17
VisualStudioVersion = 17.0.31903.59
MinimumVisualStudioVersion = 10.0.40219.1
Project("{2150E333-8FDC-42A3-9474-1A3956D46DE8}") = "Chronicle", "Chronicle", "{35C1D0BB-0B2E-4238-B110-BF2D395C8124}"
EndProject
Project("{2150E333-8FDC-42A3-9474-1A3956D46DE8}") = "Quickstart", "Quickstart", "{346D143E-DE9D-4574-AD65-C0E3116F8323}"
EndProject
Project("{FAE04EC0-301F-11D3-BF4B-00C04F79EFBC}") = "Console", "Chronicle\Quickstart\Console\Console.csproj", "{3833B693-5A84-43E4-B38D-3BF135A7CAF7}"
EndProject
Project("{FAE04EC0-301F-11D3-BF4B-00C04F79EFBC}") = "Common", "Chronicle\Quickstart\Common\Common.csproj", "{B68E33D5-1EDC-4A0C-8ABA-89014B97F9B1}"
EndProject
Project("{FAE04EC0-301F-11D3-BF4B-00C04F79EFBC}") = "AspNetCore", "Chronicle\Quickstart\AspNetCore\AspNetCore.csproj", "{73A80477-22BE-423D-8026-5ED34B78FFF2}"
EndProject
Project("{FAE04EC0-301F-11D3-BF4B-00C04F79EFBC}") = "Orleans.InProcess", "Chronicle\Quickstart\Orleans.InProcess\Orleans.InProcess.csproj", "{E413B8EF-5881-4D8E-A355-AD83981F4203}"
EndProject
Project("{FAE04EC0-301F-11D3-BF4B-00C04F79EFBC}") = "Common.AspNetCore", "Chronicle\Quickstart\Common.AspNetCore\Common.AspNetCore.csproj", "{A9822139-6A2C-411E-A565-14540D1F8023}"
EndProject
Project("{FAE04EC0-301F-11D3-BF4B-00C04F79EFBC}") = "eCommerce", "eCommerce\Implementation\eCommerce.csproj", "{3B95F3A0-85FE-4637-9470-166049298A03}"
EndProject
Project("{FAE04EC0-301F-11D3-BF4B-00C04F79EFBC}") = "eCommerce.Specs", "eCommerce\Specifications\eCommerce.Specs.csproj", "{4D1C2FB0-2FB1-40CF-A1E8-13CC0E6E12DB}"
EndProject
Project("{FAE04EC0-301F-11D3-BF4B-00C04F79EFBC}") = "Library", "Library\Library.csproj", "{F48005B5-74D5-40D0-A9C3-D05375DF1B59}"
EndProject
Global
	GlobalSection(SolutionConfigurationPlatforms) = preSolution
		Debug|Any CPU = Debug|Any CPU
		Debug|x64 = Debug|x64
		Debug|x86 = Debug|x86
		Release|Any CPU = Release|Any CPU
		Release|x64 = Release|x64
		Release|x86 = Release|x86
	EndGlobalSection
	GlobalSection(ProjectConfigurationPlatforms) = postSolution
		{3833B693-5A84-43E4-B38D-3BF135A7CAF7}.Debug|Any CPU.ActiveCfg = Debug|Any CPU
		{3833B693-5A84-43E4-B38D-3BF135A7CAF7}.Debug|Any CPU.Build.0 = Debug|Any CPU
		{3833B693-5A84-43E4-B38D-3BF135A7CAF7}.Debug|x64.ActiveCfg = Debug|Any CPU
		{3833B693-5A84-43E4-B38D-3BF135A7CAF7}.Debug|x64.Build.0 = Debug|Any CPU
		{3833B693-5A84-43E4-B38D-3BF135A7CAF7}.Debug|x86.ActiveCfg = Debug|Any CPU
		{3833B693-5A84-43E4-B38D-3BF135A7CAF7}.Debug|x86.Build.0 = Debug|Any CPU
		{3833B693-5A84-43E4-B38D-3BF135A7CAF7}.Release|Any CPU.ActiveCfg = Release|Any CPU
		{3833B693-5A84-43E4-B38D-3BF135A7CAF7}.Release|Any CPU.Build.0 = Release|Any CPU
		{3833B693-5A84-43E4-B38D-3BF135A7CAF7}.Release|x64.ActiveCfg = Release|Any CPU
		{3833B693-5A84-43E4-B38D-3BF135A7CAF7}.Release|x64.Build.0 = Release|Any CPU
		{3833B693-5A84-43E4-B38D-3BF135A7CAF7}.Release|x86.ActiveCfg = Release|Any CPU
		{3833B693-5A84-43E4-B38D-3BF135A7CAF7}.Release|x86.Build.0 = Release|Any CPU
		{B68E33D5-1EDC-4A0C-8ABA-89014B97F9B1}.Debug|Any CPU.ActiveCfg = Debug|Any CPU
		{B68E33D5-1EDC-4A0C-8ABA-89014B97F9B1}.Debug|Any CPU.Build.0 = Debug|Any CPU
		{B68E33D5-1EDC-4A0C-8ABA-89014B97F9B1}.Debug|x64.ActiveCfg = Debug|Any CPU
		{B68E33D5-1EDC-4A0C-8ABA-89014B97F9B1}.Debug|x64.Build.0 = Debug|Any CPU
		{B68E33D5-1EDC-4A0C-8ABA-89014B97F9B1}.Debug|x86.ActiveCfg = Debug|Any CPU
		{B68E33D5-1EDC-4A0C-8ABA-89014B97F9B1}.Debug|x86.Build.0 = Debug|Any CPU
		{B68E33D5-1EDC-4A0C-8ABA-89014B97F9B1}.Release|Any CPU.ActiveCfg = Release|Any CPU
		{B68E33D5-1EDC-4A0C-8ABA-89014B97F9B1}.Release|Any CPU.Build.0 = Release|Any CPU
		{B68E33D5-1EDC-4A0C-8ABA-89014B97F9B1}.Release|x64.ActiveCfg = Release|Any CPU
		{B68E33D5-1EDC-4A0C-8ABA-89014B97F9B1}.Release|x64.Build.0 = Release|Any CPU
		{B68E33D5-1EDC-4A0C-8ABA-89014B97F9B1}.Release|x86.ActiveCfg = Release|Any CPU
		{B68E33D5-1EDC-4A0C-8ABA-89014B97F9B1}.Release|x86.Build.0 = Release|Any CPU
		{73A80477-22BE-423D-8026-5ED34B78FFF2}.Debug|Any CPU.ActiveCfg = Debug|Any CPU
		{73A80477-22BE-423D-8026-5ED34B78FFF2}.Debug|Any CPU.Build.0 = Debug|Any CPU
		{73A80477-22BE-423D-8026-5ED34B78FFF2}.Debug|x64.ActiveCfg = Debug|Any CPU
		{73A80477-22BE-423D-8026-5ED34B78FFF2}.Debug|x64.Build.0 = Debug|Any CPU
		{73A80477-22BE-423D-8026-5ED34B78FFF2}.Debug|x86.ActiveCfg = Debug|Any CPU
		{73A80477-22BE-423D-8026-5ED34B78FFF2}.Debug|x86.Build.0 = Debug|Any CPU
		{73A80477-22BE-423D-8026-5ED34B78FFF2}.Release|Any CPU.ActiveCfg = Release|Any CPU
		{73A80477-22BE-423D-8026-5ED34B78FFF2}.Release|Any CPU.Build.0 = Release|Any CPU
		{73A80477-22BE-423D-8026-5ED34B78FFF2}.Release|x64.ActiveCfg = Release|Any CPU
		{73A80477-22BE-423D-8026-5ED34B78FFF2}.Release|x64.Build.0 = Release|Any CPU
		{73A80477-22BE-423D-8026-5ED34B78FFF2}.Release|x86.ActiveCfg = Release|Any CPU
		{73A80477-22BE-423D-8026-5ED34B78FFF2}.Release|x86.Build.0 = Release|Any CPU
		{E413B8EF-5881-4D8E-A355-AD83981F4203}.Debug|Any CPU.ActiveCfg = Debug|Any CPU
		{E413B8EF-5881-4D8E-A355-AD83981F4203}.Debug|Any CPU.Build.0 = Debug|Any CPU
		{E413B8EF-5881-4D8E-A355-AD83981F4203}.Debug|x64.ActiveCfg = Debug|Any CPU
		{E413B8EF-5881-4D8E-A355-AD83981F4203}.Debug|x64.Build.0 = Debug|Any CPU
		{E413B8EF-5881-4D8E-A355-AD83981F4203}.Debug|x86.ActiveCfg = Debug|Any CPU
		{E413B8EF-5881-4D8E-A355-AD83981F4203}.Debug|x86.Build.0 = Debug|Any CPU
		{E413B8EF-5881-4D8E-A355-AD83981F4203}.Release|Any CPU.ActiveCfg = Release|Any CPU
		{E413B8EF-5881-4D8E-A355-AD83981F4203}.Release|Any CPU.Build.0 = Release|Any CPU
		{E413B8EF-5881-4D8E-A355-AD83981F4203}.Release|x64.ActiveCfg = Release|Any CPU
		{E413B8EF-5881-4D8E-A355-AD83981F4203}.Release|x64.Build.0 = Release|Any CPU
		{E413B8EF-5881-4D8E-A355-AD83981F4203}.Release|x86.ActiveCfg = Release|Any CPU
		{E413B8EF-5881-4D8E-A355-AD83981F4203}.Release|x86.Build.0 = Release|Any CPU
		{A9822139-6A2C-411E-A565-14540D1F8023}.Debug|Any CPU.ActiveCfg = Debug|Any CPU
		{A9822139-6A2C-411E-A565-14540D1F8023}.Debug|Any CPU.Build.0 = Debug|Any CPU
		{A9822139-6A2C-411E-A565-14540D1F8023}.Debug|x64.ActiveCfg = Debug|Any CPU
		{A9822139-6A2C-411E-A565-14540D1F8023}.Debug|x64.Build.0 = Debug|Any CPU
		{A9822139-6A2C-411E-A565-14540D1F8023}.Debug|x86.ActiveCfg = Debug|Any CPU
		{A9822139-6A2C-411E-A565-14540D1F8023}.Debug|x86.Build.0 = Debug|Any CPU
		{A9822139-6A2C-411E-A565-14540D1F8023}.Release|Any CPU.ActiveCfg = Release|Any CPU
		{A9822139-6A2C-411E-A565-14540D1F8023}.Release|Any CPU.Build.0 = Release|Any CPU
		{A9822139-6A2C-411E-A565-14540D1F8023}.Release|x64.ActiveCfg = Release|Any CPU
		{A9822139-6A2C-411E-A565-14540D1F8023}.Release|x64.Build.0 = Release|Any CPU
		{A9822139-6A2C-411E-A565-14540D1F8023}.Release|x86.ActiveCfg = Release|Any CPU
		{A9822139-6A2C-411E-A565-14540D1F8023}.Release|x86.Build.0 = Release|Any CPU
		{3B95F3A0-85FE-4637-9470-166049298A03}.Debug|Any CPU.ActiveCfg = Debug|Any CPU
		{3B95F3A0-85FE-4637-9470-166049298A03}.Debug|Any CPU.Build.0 = Debug|Any CPU
		{3B95F3A0-85FE-4637-9470-166049298A03}.Debug|x64.ActiveCfg = Debug|Any CPU
		{3B95F3A0-85FE-4637-9470-166049298A03}.Debug|x64.Build.0 = Debug|Any CPU
		{3B95F3A0-85FE-4637-9470-166049298A03}.Debug|x86.ActiveCfg = Debug|Any CPU
		{3B95F3A0-85FE-4637-9470-166049298A03}.Debug|x86.Build.0 = Debug|Any CPU
		{3B95F3A0-85FE-4637-9470-166049298A03}.Release|Any CPU.ActiveCfg = Release|Any CPU
		{3B95F3A0-85FE-4637-9470-166049298A03}.Release|Any CPU.Build.0 = Release|Any CPU
		{3B95F3A0-85FE-4637-9470-166049298A03}.Release|x64.ActiveCfg = Release|Any CPU
		{3B95F3A0-85FE-4637-9470-166049298A03}.Release|x64.Build.0 = Release|Any CPU
		{3B95F3A0-85FE-4637-9470-166049298A03}.Release|x86.ActiveCfg = Release|Any CPU
		{3B95F3A0-85FE-4637-9470-166049298A03}.Release|x86.Build.0 = Release|Any CPU
		{4D1C2FB0-2FB1-40CF-A1E8-13CC0E6E12DB}.Debug|Any CPU.ActiveCfg = Debug|Any CPU
		{4D1C2FB0-2FB1-40CF-A1E8-13CC0E6E12DB}.Debug|Any CPU.Build.0 = Debug|Any CPU
		{4D1C2FB0-2FB1-40CF-A1E8-13CC0E6E12DB}.Debug|x64.ActiveCfg = Debug|Any CPU
		{4D1C2FB0-2FB1-40CF-A1E8-13CC0E6E12DB}.Debug|x64.Build.0 = Debug|Any CPU
		{4D1C2FB0-2FB1-40CF-A1E8-13CC0E6E12DB}.Debug|x86.ActiveCfg = Debug|Any CPU
		{4D1C2FB0-2FB1-40CF-A1E8-13CC0E6E12DB}.Debug|x86.Build.0 = Debug|Any CPU
		{4D1C2FB0-2FB1-40CF-A1E8-13CC0E6E12DB}.Release|Any CPU.ActiveCfg = Release|Any CPU
		{4D1C2FB0-2FB1-40CF-A1E8-13CC0E6E12DB}.Release|Any CPU.Build.0 = Release|Any CPU
		{4D1C2FB0-2FB1-40CF-A1E8-13CC0E6E12DB}.Release|x64.ActiveCfg = Release|Any CPU
		{4D1C2FB0-2FB1-40CF-A1E8-13CC0E6E12DB}.Release|x64.Build.0 = Release|Any CPU
		{4D1C2FB0-2FB1-40CF-A1E8-13CC0E6E12DB}.Release|x86.ActiveCfg = Release|Any CPU
		{4D1C2FB0-2FB1-40CF-A1E8-13CC0E6E12DB}.Release|x86.Build.0 = Release|Any CPU
		{F48005B5-74D5-40D0-A9C3-D05375DF1B59}.Debug|Any CPU.ActiveCfg = Debug|Any CPU
		{F48005B5-74D5-40D0-A9C3-D05375DF1B59}.Debug|Any CPU.Build.0 = Debug|Any CPU
		{F48005B5-74D5-40D0-A9C3-D05375DF1B59}.Debug|x64.ActiveCfg = Debug|Any CPU
		{F48005B5-74D5-40D0-A9C3-D05375DF1B59}.Debug|x64.Build.0 = Debug|Any CPU
		{F48005B5-74D5-40D0-A9C3-D05375DF1B59}.Debug|x86.ActiveCfg = Debug|Any CPU
		{F48005B5-74D5-40D0-A9C3-D05375DF1B59}.Debug|x86.Build.0 = Debug|Any CPU
		{F48005B5-74D5-40D0-A9C3-D05375DF1B59}.Release|Any CPU.ActiveCfg = Release|Any CPU
		{F48005B5-74D5-40D0-A9C3-D05375DF1B59}.Release|Any CPU.Build.0 = Release|Any CPU
		{F48005B5-74D5-40D0-A9C3-D05375DF1B59}.Release|x64.ActiveCfg = Release|Any CPU
		{F48005B5-74D5-40D0-A9C3-D05375DF1B59}.Release|x64.Build.0 = Release|Any CPU
		{F48005B5-74D5-40D0-A9C3-D05375DF1B59}.Release|x86.ActiveCfg = Release|Any CPU
		{F48005B5-74D5-40D0-A9C3-D05375DF1B59}.Release|x86.Build.0 = Release|Any CPU
	EndGlobalSection
	GlobalSection(SolutionProperties) = preSolution
		HideSolutionNode = FALSE
	EndGlobalSection
	GlobalSection(NestedProjects) = preSolution
		{346D143E-DE9D-4574-AD65-C0E3116F8323} = {35C1D0BB-0B2E-4238-B110-BF2D395C8124}
		{3833B693-5A84-43E4-B38D-3BF135A7CAF7} = {346D143E-DE9D-4574-AD65-C0E3116F8323}
		{B68E33D5-1EDC-4A0C-8ABA-89014B97F9B1} = {346D143E-DE9D-4574-AD65-C0E3116F8323}
		{73A80477-22BE-423D-8026-5ED34B78FFF2} = {346D143E-DE9D-4574-AD65-C0E3116F8323}
		{E413B8EF-5881-4D8E-A355-AD83981F4203} = {346D143E-DE9D-4574-AD65-C0E3116F8323}
		{A9822139-6A2C-411E-A565-14540D1F8023} = {346D143E-DE9D-4574-AD65-C0E3116F8323}
	EndGlobalSection
EndGlobal
